
Microsoft Visual Studio Solution File, Format Version 12.00
# Visual Studio Version 16
VisualStudioVersion = 16.0.31019.35
MinimumVisualStudioVersion = 10.0.40219.1
Project("{FAE04EC0-301F-11D3-BF4B-00C04F79EFBC}") = "ConsoleApp13", "ConsoleApp13.csproj", "{C894F473-3830-4CCE-A45A-037CD0699073}"
EndProject
Global
	GlobalSection(SolutionConfigurationPlatforms) = preSolution
		Debug|Any CPU = Debug|Any CPU
		Release|Any CPU = Release|Any CPU
	EndGlobalSection
	GlobalSection(ProjectConfigurationPlatforms) = postSolution
		{C894F473-3830-4CCE-A45A-037CD0699073}.Debug|Any CPU.ActiveCfg = Debug|Any CPU
		{C894F473-3830-4CCE-A45A-037CD0699073}.Debug|Any CPU.Build.0 = Debug|Any CPU
		{C894F473-3830-4CCE-A45A-037CD0699073}.Release|Any CPU.ActiveCfg = Release|Any CPU
		{C894F473-3830-4CCE-A45A-037CD0699073}.Release|Any CPU.Build.0 = Release|Any CPU
	EndGlobalSection
	GlobalSection(SolutionProperties) = preSolution
		HideSolutionNode = FALSE
	EndGlobalSection
	GlobalSection(ExtensibilityGlobals) = postSolution
		SolutionGuid = {E9518C64-56A3-4216-925D-00C54B7DA4A0}
	EndGlobalSection
EndGlobal
